
Microsoft Visual Studio Solution File, Format Version 12.00
# Visual Studio Version 17
VisualStudioVersion = 17.7.34018.315
MinimumVisualStudioVersion = 10.0.40219.1
Project("{FAE04EC0-301F-11D3-BF4B-00C04F79EFBC}") = "StravaClient", "StravaClient\StravaClient.csproj", "{E07CDC57-FB37-4EE9-BF32-C829DB055B26}"
EndProject
Project("{FAE04EC0-301F-11D3-BF4B-00C04F79EFBC}") = "TestRange", "TestRange\TestRange.csproj", "{A3E9C6A5-AB10-4AEA-BB6F-522C3107DD7F}"
EndProject
Global
	GlobalSection(SolutionConfigurationPlatforms) = preSolution
		Debug|Any CPU = Debug|Any CPU
		Release|Any CPU = Release|Any CPU
	EndGlobalSection
	GlobalSection(ProjectConfigurationPlatforms) = postSolution
		{E07CDC57-FB37-4EE9-BF32-C829DB055B26}.Debug|Any CPU.ActiveCfg = Debug|Any CPU
		{E07CDC57-FB37-4EE9-BF32-C829DB055B26}.Debug|Any CPU.Build.0 = Debug|Any CPU
		{E07CDC57-FB37-4EE9-BF32-C829DB055B26}.Release|Any CPU.ActiveCfg = Release|Any CPU
		{E07CDC57-FB37-4EE9-BF32-C829DB055B26}.Release|Any CPU.Build.0 = Release|Any CPU
		{A3E9C6A5-AB10-4AEA-BB6F-522C3107DD7F}.Debug|Any CPU.ActiveCfg = Debug|Any CPU
		{A3E9C6A5-AB10-4AEA-BB6F-522C3107DD7F}.Debug|Any CPU.Build.0 = Debug|Any CPU
		{A3E9C6A5-AB10-4AEA-BB6F-522C3107DD7F}.Release|Any CPU.ActiveCfg = Release|Any CPU
		{A3E9C6A5-AB10-4AEA-BB6F-522C3107DD7F}.Release|Any CPU.Build.0 = Release|Any CPU
	EndGlobalSection
	GlobalSection(SolutionProperties) = preSolution
		HideSolutionNode = FALSE
	EndGlobalSection
	GlobalSection(ExtensibilityGlobals) = postSolution
		SolutionGuid = {F84FBB42-448F-4E31-A347-E6DE985F2D82}
	EndGlobalSection
EndGlobal
